
Microsoft Visual Studio Solution File, Format Version 12.00
# Visual Studio 15
VisualStudioVersion = 15.0.28010.2036
MinimumVisualStudioVersion = 10.0.40219.1
Project("{FAE04EC0-301F-11D3-BF4B-00C04F79EFBC}") = "mentorMate", "mentorMate\mentorMate.csproj", "{BE621FD2-3643-4C74-9BAF-EF0A13DA6484}"
EndProject
Global
	GlobalSection(SolutionConfigurationPlatforms) = preSolution
		Debug|Any CPU = Debug|Any CPU
		Release|Any CPU = Release|Any CPU
	EndGlobalSection
	GlobalSection(ProjectConfigurationPlatforms) = postSolution
		{BE621FD2-3643-4C74-9BAF-EF0A13DA6484}.Debug|Any CPU.ActiveCfg = Debug|Any CPU
		{BE621FD2-3643-4C74-9BAF-EF0A13DA6484}.Debug|Any CPU.Build.0 = Debug|Any CPU
		{BE621FD2-3643-4C74-9BAF-EF0A13DA6484}.Release|Any CPU.ActiveCfg = Release|Any CPU
		{BE621FD2-3643-4C74-9BAF-EF0A13DA6484}.Release|Any CPU.Build.0 = Release|Any CPU
	EndGlobalSection
	GlobalSection(SolutionProperties) = preSolution
		HideSolutionNode = FALSE
	EndGlobalSection
	GlobalSection(ExtensibilityGlobals) = postSolution
		SolutionGuid = {BC4B2647-6868-4C72-877C-EE786A9964E6}
	EndGlobalSection
EndGlobal
